
Microsoft Visual Studio Solution File, Format Version 12.00
# Visual Studio Version 17
VisualStudioVersion = 17.8.34330.188
MinimumVisualStudioVersion = 10.0.40219.1
Project("{FAE04EC0-301F-11D3-BF4B-00C04F79EFBC}") = "Test1DBFirst", "Test1DBFirst.csproj", "{D879C5B8-1A52-4BDE-98B8-D2966F9C5FA7}"
EndProject
Global
	GlobalSection(SolutionConfigurationPlatforms) = preSolution
		Debug|Any CPU = Debug|Any CPU
		Release|Any CPU = Release|Any CPU
	EndGlobalSection
	GlobalSection(ProjectConfigurationPlatforms) = postSolution
		{D879C5B8-1A52-4BDE-98B8-D2966F9C5FA7}.Debug|Any CPU.ActiveCfg = Debug|Any CPU
		{D879C5B8-1A52-4BDE-98B8-D2966F9C5FA7}.Debug|Any CPU.Build.0 = Debug|Any CPU
		{D879C5B8-1A52-4BDE-98B8-D2966F9C5FA7}.Release|Any CPU.ActiveCfg = Release|Any CPU
		{D879C5B8-1A52-4BDE-98B8-D2966F9C5FA7}.Release|Any CPU.Build.0 = Release|Any CPU
	EndGlobalSection
	GlobalSection(SolutionProperties) = preSolution
		HideSolutionNode = FALSE
	EndGlobalSection
	GlobalSection(ExtensibilityGlobals) = postSolution
		SolutionGuid = {D1BFF8B9-8A2D-4187-B64A-F7E9581ED081}
	EndGlobalSection
EndGlobal
